{
  "version": 4,
  "terraform_version": "1.6.4",
  "serial": 92,
  "lineage": "64669aaa-7f08-4252-e637-c27657879f13",
  "outputs": {},
  "resources": [
    {
      "mode": "data",
      "type": "azurerm_dev_test_lab",
      "name": "t-clo-901-mpl-2",
      "provider": "provider[\"registry.terraform.io/hashicorp/azurerm\"]",
      "instances": [
        {
          "schema_version": 0,
          "attributes": {
            "artifacts_storage_account_id": "/subscriptions/1eb5e572-df10-47a3-977e-b0ec272641e4/resourcegroups/t-clo-901-mpl-2/providers/microsoft.storage/storageaccounts/atclo901mpl23060",
            "default_premium_storage_account_id": "/subscriptions/1eb5e572-df10-47a3-977e-b0ec272641e4/resourcegroups/t-clo-901-mpl-2/providers/microsoft.storage/storageaccounts/atclo901mpl23060",
            "default_storage_account_id": "/subscriptions/1eb5e572-df10-47a3-977e-b0ec272641e4/resourcegroups/t-clo-901-mpl-2/providers/microsoft.storage/storageaccounts/atclo901mpl23060",
            "id": "/subscriptions/1eb5e572-df10-47a3-977e-b0ec272641e4/resourceGroups/t-clo-901-mpl-2/providers/Microsoft.DevTestLab/labs/t-clo-901-mpl-2",
            "key_vault_id": "/subscriptions/1eb5e572-df10-47a3-977e-b0ec272641e4/resourcegroups/t-clo-901-mpl-2/providers/microsoft.keyvault/vaults/tclo901mpl22554",
            "location": "westeurope",
            "name": "t-clo-901-mpl-2",
            "premium_data_disk_storage_account_id": "/subscriptions/1eb5e572-df10-47a3-977e-b0ec272641e4/resourcegroups/t-clo-901-mpl-2/providers/microsoft.storage/storageaccounts/atclo901mpl23060",
            "resource_group_name": "t-clo-901-mpl-2",
            "storage_type": "Premium",
            "tags": {
              "group_number": "2",
              "module": "t-clo-901"
            },
            "timeouts": null,
            "unique_identifier": "9e91d69c-8dfc-42ad-b977-40d2d069c274"
          },
          "sensitive_attributes": []
        }
      ]
    },
    {
      "mode": "data",
      "type": "azurerm_dev_test_virtual_network",
      "name": "t-clo-901-mpl-2",
      "provider": "provider[\"registry.terraform.io/hashicorp/azurerm\"]",
      "instances": [
        {
          "schema_version": 0,
          "attributes": {
            "allowed_subnets": [
              {
                "allow_public_ip": "Allow",
                "lab_subnet_name": "t-clo-901-mpl-2Subnet",
                "resource_id": "/subscriptions/1eb5e572-df10-47a3-977e-b0ec272641e4/resourceGroups/t-clo-901-mpl-2/providers/Microsoft.Network/virtualNetworks/t-clo-901-mpl-2/subnets/t-clo-901-mpl-2Subnet"
              }
            ],
            "id": "/subscriptions/1eb5e572-df10-47a3-977e-b0ec272641e4/resourceGroups/t-clo-901-mpl-2/providers/Microsoft.DevTestLab/labs/t-clo-901-mpl-2/virtualNetworks/t-clo-901-mpl-2",
            "lab_name": "t-clo-901-mpl-2",
            "name": "t-clo-901-mpl-2",
            "resource_group_name": "t-clo-901-mpl-2",
            "subnet_overrides": [
              {
                "lab_subnet_name": "t-clo-901-mpl-2Subnet",
                "resource_id": "/subscriptions/1eb5e572-df10-47a3-977e-b0ec272641e4/resourceGroups/t-clo-901-mpl-2/providers/Microsoft.Network/virtualNetworks/t-clo-901-mpl-2/subnets/t-clo-901-mpl-2Subnet",
                "use_in_vm_creation_permission": "Allow",
                "use_public_ip_address_permission": "Allow",
                "virtual_network_pool_name": ""
              }
            ],
            "timeouts": null,
            "unique_identifier": "794546e4-6b9a-4fec-9310-5c9307802dda"
          },
          "sensitive_attributes": []
        }
      ]
    },
    {
      "mode": "data",
      "type": "azurerm_public_ip",
      "name": "vm_public_ips",
      "provider": "provider[\"registry.terraform.io/hashicorp/azurerm\"]",
      "instances": []
    },
    {
      "mode": "data",
      "type": "azurerm_resource_group",
      "name": "t-clo-901-mpl-2",
      "provider": "provider[\"registry.terraform.io/hashicorp/azurerm\"]",
      "instances": [
        {
          "schema_version": 0,
          "attributes": {
            "id": "/subscriptions/1eb5e572-df10-47a3-977e-b0ec272641e4/resourceGroups/t-clo-901-mpl-2",
            "location": "westeurope",
            "managed_by": "",
            "name": "t-clo-901-mpl-2",
            "tags": {
              "city": "mpl",
              "cost:application": "socle-student",
              "cost:business-unit": "epitech",
              "cost:environment": "prod",
              "group_number": "2",
              "module": "t-clo-901"
            },
            "timeouts": null
          },
          "sensitive_attributes": []
        }
      ]
    },
    {
      "mode": "data",
      "type": "azurerm_subnet",
      "name": "t-clo-901-mpl-2",
      "provider": "provider[\"registry.terraform.io/hashicorp/azurerm\"]",
      "instances": [
        {
          "schema_version": 0,
          "attributes": {
            "address_prefix": "10.0.0.0/20",
            "address_prefixes": [
              "10.0.0.0/20"
            ],
            "enforce_private_link_endpoint_network_policies": true,
            "enforce_private_link_service_network_policies": false,
            "id": "/subscriptions/1eb5e572-df10-47a3-977e-b0ec272641e4/resourceGroups/t-clo-901-mpl-2/providers/Microsoft.Network/virtualNetworks/t-clo-901-mpl-2/subnets/t-clo-901-mpl-2Subnet",
            "name": "t-clo-901-mpl-2Subnet",
            "network_security_group_id": "",
            "private_endpoint_network_policies_enabled": false,
            "private_link_service_network_policies_enabled": true,
            "resource_group_name": "t-clo-901-mpl-2",
            "route_table_id": "",
            "service_endpoints": [],
            "timeouts": null,
            "virtual_network_name": "t-clo-901-mpl-2"
          },
          "sensitive_attributes": []
        }
      ]
    },
    {
      "mode": "managed",
      "type": "azurerm_network_interface",
      "name": "webapp-nic",
      "provider": "provider[\"registry.terraform.io/hashicorp/azurerm\"]",
      "instances": [
        {
          "schema_version": 0,
          "attributes": {
            "applied_dns_servers": [],
            "auxiliary_mode": "",
            "auxiliary_sku": "",
            "dns_servers": [],
            "edge_zone": "",
            "enable_accelerated_networking": false,
            "enable_ip_forwarding": false,
            "id": "/subscriptions/1eb5e572-df10-47a3-977e-b0ec272641e4/resourceGroups/t-clo-901-mpl-2/providers/Microsoft.Network/networkInterfaces/webapp-nic",
            "internal_dns_name_label": "",
            "internal_domain_name_suffix": "l31v5vzkuwnerdopfs1vstoplg.ax.internal.cloudapp.net",
            "ip_configuration": [
              {
                "gateway_load_balancer_frontend_ip_configuration_id": "",
                "name": "internal",
                "primary": true,
                "private_ip_address": "10.0.0.4",
                "private_ip_address_allocation": "Dynamic",
                "private_ip_address_version": "IPv4",
                "public_ip_address_id": "",
                "subnet_id": "/subscriptions/1eb5e572-df10-47a3-977e-b0ec272641e4/resourceGroups/t-clo-901-mpl-2/providers/Microsoft.Network/virtualNetworks/t-clo-901-mpl-2/subnets/t-clo-901-mpl-2Subnet"
              }
            ],
            "location": "westeurope",
            "mac_address": "",
            "name": "webapp-nic",
            "private_ip_address": "10.0.0.4",
            "private_ip_addresses": [
              "10.0.0.4"
            ],
            "resource_group_name": "t-clo-901-mpl-2",
            "tags": {},
            "timeouts": null,
            "virtual_machine_id": ""
          },
          "sensitive_attributes": [],
          "private": "eyJlMmJmYjczMC1lY2FhLTExZTYtOGY4OC0zNDM2M2JjN2M0YzAiOnsiY3JlYXRlIjoxODAwMDAwMDAwMDAwLCJkZWxldGUiOjE4MDAwMDAwMDAwMDAsInJlYWQiOjMwMDAwMDAwMDAwMCwidXBkYXRlIjoxODAwMDAwMDAwMDAwfX0=",
          "dependencies": [
            "data.azurerm_dev_test_lab.t-clo-901-mpl-2",
            "data.azurerm_dev_test_virtual_network.t-clo-901-mpl-2",
            "data.azurerm_resource_group.t-clo-901-mpl-2",
            "data.azurerm_subnet.t-clo-901-mpl-2"
          ]
        }
      ]
    }
  ],
  "check_results": null
}
